
Microsoft Visual Studio Solution File, Format Version 12.00
# Visual Studio Version 17
VisualStudioVersion = 17.0.31903.59
MinimumVisualStudioVersion = 10.0.40219.1
Project("{2150E333-8FDC-42A3-9474-1A3956D46DE8}") = "services", "services", "{72BB494E-A323-472A-A3F4-4CE5C689E075}"
EndProject
Project("{FAE04EC0-301F-11D3-BF4B-00C04F79EFBC}") = "Beamablefootboll", "services\Beamablefootboll\Beamablefootboll.csproj", "{EEE26C12-CE4A-4903-B7C2-6DE79846C31B}"
EndProject
Project("{FAE04EC0-301F-11D3-BF4B-00C04F79EFBC}") = "BeamablefootbollCommon", "services\BeamablefootbollCommon\BeamablefootbollCommon.csproj", "{3D0DEE16-A95A-45A9-B46B-D259BD5B32A5}"
EndProject
Project("{FAE04EC0-301F-11D3-BF4B-00C04F79EFBC}") = "footboll", "services\footboll\footboll.csproj", "{466E933C-F50C-46D4-BFFA-1A818822C293}"
EndProject
Global
	GlobalSection(SolutionConfigurationPlatforms) = preSolution
		Debug|Any CPU = Debug|Any CPU
		Release|Any CPU = Release|Any CPU
	EndGlobalSection
	GlobalSection(SolutionProperties) = preSolution
		HideSolutionNode = FALSE
	EndGlobalSection
	GlobalSection(ProjectConfigurationPlatforms) = postSolution
		{EEE26C12-CE4A-4903-B7C2-6DE79846C31B}.Debug|Any CPU.ActiveCfg = Debug|Any CPU
		{EEE26C12-CE4A-4903-B7C2-6DE79846C31B}.Debug|Any CPU.Build.0 = Debug|Any CPU
		{EEE26C12-CE4A-4903-B7C2-6DE79846C31B}.Release|Any CPU.ActiveCfg = Release|Any CPU
		{EEE26C12-CE4A-4903-B7C2-6DE79846C31B}.Release|Any CPU.Build.0 = Release|Any CPU
		{3D0DEE16-A95A-45A9-B46B-D259BD5B32A5}.Debug|Any CPU.ActiveCfg = Debug|Any CPU
		{3D0DEE16-A95A-45A9-B46B-D259BD5B32A5}.Debug|Any CPU.Build.0 = Debug|Any CPU
		{3D0DEE16-A95A-45A9-B46B-D259BD5B32A5}.Release|Any CPU.ActiveCfg = Release|Any CPU
		{3D0DEE16-A95A-45A9-B46B-D259BD5B32A5}.Release|Any CPU.Build.0 = Release|Any CPU
		{466E933C-F50C-46D4-BFFA-1A818822C293}.Debug|Any CPU.ActiveCfg = Debug|Any CPU
		{466E933C-F50C-46D4-BFFA-1A818822C293}.Debug|Any CPU.Build.0 = Debug|Any CPU
		{466E933C-F50C-46D4-BFFA-1A818822C293}.Release|Any CPU.ActiveCfg = Release|Any CPU
		{466E933C-F50C-46D4-BFFA-1A818822C293}.Release|Any CPU.Build.0 = Release|Any CPU
	EndGlobalSection
	GlobalSection(NestedProjects) = preSolution
		{EEE26C12-CE4A-4903-B7C2-6DE79846C31B} = {72BB494E-A323-472A-A3F4-4CE5C689E075}
		{3D0DEE16-A95A-45A9-B46B-D259BD5B32A5} = {72BB494E-A323-472A-A3F4-4CE5C689E075}
		{466E933C-F50C-46D4-BFFA-1A818822C293} = {72BB494E-A323-472A-A3F4-4CE5C689E075}
	EndGlobalSection
EndGlobal
